
Microsoft Visual Studio Solution File, Format Version 12.00
# Visual Studio Version 16
VisualStudioVersion = 16.0.29215.179
MinimumVisualStudioVersion = 10.0.40219.1
Project("{FAE04EC0-301F-11D3-BF4B-00C04F79EFBC}") = "AppG2", "AppG2\AppG2.csproj", "{2D71E52D-85AA-4F00-A956-ADEF8CAF70F5}"
EndProject
Global
	GlobalSection(SolutionConfigurationPlatforms) = preSolution
		Debug|Any CPU = Debug|Any CPU
		Release|Any CPU = Release|Any CPU
	EndGlobalSection
	GlobalSection(ProjectConfigurationPlatforms) = postSolution
		{2D71E52D-85AA-4F00-A956-ADEF8CAF70F5}.Debug|Any CPU.ActiveCfg = Debug|Any CPU
		{2D71E52D-85AA-4F00-A956-ADEF8CAF70F5}.Debug|Any CPU.Build.0 = Debug|Any CPU
		{2D71E52D-85AA-4F00-A956-ADEF8CAF70F5}.Release|Any CPU.ActiveCfg = Release|Any CPU
		{2D71E52D-85AA-4F00-A956-ADEF8CAF70F5}.Release|Any CPU.Build.0 = Release|Any CPU
	EndGlobalSection
	GlobalSection(SolutionProperties) = preSolution
		HideSolutionNode = FALSE
	EndGlobalSection
	GlobalSection(ExtensibilityGlobals) = postSolution
		SolutionGuid = {10E10C00-4159-4233-842D-CA92B1DA2222}
	EndGlobalSection
EndGlobal
